
Microsoft Visual Studio Solution File, Format Version 12.00
# Visual Studio Version 17
VisualStudioVersion = 17.14.36310.24 d17.14
MinimumVisualStudioVersion = 10.0.40219.1
Project("{FAE04EC0-301F-11D3-BF4B-00C04F79EFBC}") = "WM03A", "WM03A\WM03A.csproj", "{9F95F1FE-F7A0-4D28-9FBB-DE2A47C7FD50}"
EndProject
Global
	GlobalSection(SolutionConfigurationPlatforms) = preSolution
		Debug|Any CPU = Debug|Any CPU
		Release|Any CPU = Release|Any CPU
	EndGlobalSection
	GlobalSection(ProjectConfigurationPlatforms) = postSolution
		{9F95F1FE-F7A0-4D28-9FBB-DE2A47C7FD50}.Debug|Any CPU.ActiveCfg = Debug|Any CPU
		{9F95F1FE-F7A0-4D28-9FBB-DE2A47C7FD50}.Debug|Any CPU.Build.0 = Debug|Any CPU
		{9F95F1FE-F7A0-4D28-9FBB-DE2A47C7FD50}.Release|Any CPU.ActiveCfg = Release|Any CPU
		{9F95F1FE-F7A0-4D28-9FBB-DE2A47C7FD50}.Release|Any CPU.Build.0 = Release|Any CPU
	EndGlobalSection
	GlobalSection(SolutionProperties) = preSolution
		HideSolutionNode = FALSE
	EndGlobalSection
	GlobalSection(ExtensibilityGlobals) = postSolution
		SolutionGuid = {A50583A7-CC1F-49E0-8905-3E49FFC1BD6F}
	EndGlobalSection
EndGlobal
